
Microsoft Visual Studio Solution File, Format Version 12.00
# Visual Studio Version 17
VisualStudioVersion = 17.2.32616.157
MinimumVisualStudioVersion = 10.0.40219.1
Project("{FAE04EC0-301F-11D3-BF4B-00C04F79EFBC}") = "AppCore", "AppCore\AppCore.csproj", "{B53C8AB7-8444-4C74-941A-44568EA610F7}"
EndProject
Global
	GlobalSection(SolutionConfigurationPlatforms) = preSolution
		Debug|Any CPU = Debug|Any CPU
		Release|Any CPU = Release|Any CPU
	EndGlobalSection
	GlobalSection(ProjectConfigurationPlatforms) = postSolution
		{B53C8AB7-8444-4C74-941A-44568EA610F7}.Debug|Any CPU.ActiveCfg = Debug|Any CPU
		{B53C8AB7-8444-4C74-941A-44568EA610F7}.Debug|Any CPU.Build.0 = Debug|Any CPU
		{B53C8AB7-8444-4C74-941A-44568EA610F7}.Release|Any CPU.ActiveCfg = Release|Any CPU
		{B53C8AB7-8444-4C74-941A-44568EA610F7}.Release|Any CPU.Build.0 = Release|Any CPU
	EndGlobalSection
	GlobalSection(SolutionProperties) = preSolution
		HideSolutionNode = FALSE
	EndGlobalSection
	GlobalSection(ExtensibilityGlobals) = postSolution
		SolutionGuid = {0093AE2D-BDCE-472C-B701-12DAE781A8CD}
	EndGlobalSection
EndGlobal
